
Microsoft Visual Studio Solution File, Format Version 10.00
# Visual C++ Express 2008
Project("{8BC9CEB8-8B4A-11D0-8D11-00A0C91BC942}") = "TCC", "TCC\TCC.vcproj", "{D60539F7-5CB5-4B90-9ABB-EA88F5FC439C}"
EndProject
Global
	GlobalSection(SolutionConfigurationPlatforms) = preSolution
		Debug|Win32 = Debug|Win32
		Release|Win32 = Release|Win32
	EndGlobalSection
	GlobalSection(ProjectConfigurationPlatforms) = postSolution
		{D60539F7-5CB5-4B90-9ABB-EA88F5FC439C}.Debug|Win32.ActiveCfg = Debug|Win32
		{D60539F7-5CB5-4B90-9ABB-EA88F5FC439C}.Debug|Win32.Build.0 = Debug|Win32
		{D60539F7-5CB5-4B90-9ABB-EA88F5FC439C}.Release|Win32.ActiveCfg = Release|Win32
		{D60539F7-5CB5-4B90-9ABB-EA88F5FC439C}.Release|Win32.Build.0 = Release|Win32
	EndGlobalSection
	GlobalSection(SolutionProperties) = preSolution
		HideSolutionNode = FALSE
	EndGlobalSection
EndGlobal
